
Microsoft Visual Studio Solution File, Format Version 12.00
# Visual Studio 15
VisualStudioVersion = 15.0.28307.1209
MinimumVisualStudioVersion = 10.0.40219.1
Project("{FAE04EC0-301F-11D3-BF4B-00C04F79EFBC}") = "Othell", "Othell\Othell.csproj", "{A6120732-6E07-4B4A-A0E2-56E299A50C66}"
EndProject
Project("{2150E333-8FDC-42A3-9474-1A3956D46DE8}") = "Data", "Data", "{EF1CB9EF-9BBC-4ABB-BF1C-31A563C6C481}"
	ProjectSection(SolutionItems) = preProject
		prueba.xml = prueba.xml
	EndProjectSection
EndProject
Global
	GlobalSection(SolutionConfigurationPlatforms) = preSolution
		Debug|Any CPU = Debug|Any CPU
		Release|Any CPU = Release|Any CPU
	EndGlobalSection
	GlobalSection(ProjectConfigurationPlatforms) = postSolution
		{A6120732-6E07-4B4A-A0E2-56E299A50C66}.Debug|Any CPU.ActiveCfg = Debug|Any CPU
		{A6120732-6E07-4B4A-A0E2-56E299A50C66}.Debug|Any CPU.Build.0 = Debug|Any CPU
		{A6120732-6E07-4B4A-A0E2-56E299A50C66}.Release|Any CPU.ActiveCfg = Release|Any CPU
		{A6120732-6E07-4B4A-A0E2-56E299A50C66}.Release|Any CPU.Build.0 = Release|Any CPU
	EndGlobalSection
	GlobalSection(SolutionProperties) = preSolution
		HideSolutionNode = FALSE
	EndGlobalSection
	GlobalSection(ExtensibilityGlobals) = postSolution
		SolutionGuid = {3349786B-95A6-40FC-AF3D-E5B3214BD2C7}
	EndGlobalSection
EndGlobal
